// !$*UTF8*$!
{
	archiveVersion = 1;
	classes = {
	};
	objectVersion = 77;
	objects = {

/* Begin PBXContainerItemProxy section */
		B7A6DE6C2D8FEEDE0031F5D5 /* PBXContainerItemProxy */ = {
			isa = PBXContainerItemProxy;
			containerPortal = B7A6DE532D8FEEDD0031F5D5 /* Project object */;
			proxyType = 1;
			remoteGlobalIDString = B7A6DE5A2D8FEEDD0031F5D5;
			remoteInfo = "combine+tutorial";
		};
		B7A6DE762D8FEEDE0031F5D5 /* PBXContainerItemProxy */ = {
			isa = PBXContainerItemProxy;
			containerPortal = B7A6DE532D8FEEDD0031F5D5 /* Project object */;
			proxyType = 1;
			remoteGlobalIDString = B7A6DE5A2D8FEEDD0031F5D5;
			remoteInfo = "combine+tutorial";
		};
/* End PBXContainerItemProxy section */

/* Begin PBXFileReference section */
		B7A6DE5B2D8FEEDD0031F5D5 /* combine+tutorial.app */ = {isa = PBXFileReference; explicitFileType = wrapper.application; includeInIndex = 0; path = "combine+tutorial.app"; sourceTree = BUILT_PRODUCTS_DIR; };
		B7A6DE6B2D8FEEDE0031F5D5 /* combine+tutorialTests.xctest */ = {isa = PBXFileReference; explicitFileType = wrapper.cfbundle; includeInIndex = 0; path = "combine+tutorialTests.xctest"; sourceTree = BUILT_PRODUCTS_DIR; };
		B7A6DE752D8FEEDE0031F5D5 /* combine+tutorialUITests.xctest */ = {isa = PBXFileReference; explicitFileType = wrapper.cfbundle; includeInIndex = 0; path = "combine+tutorialUITests.xctest"; sourceTree = BUILT_PRODUCTS_DIR; };
/* End PBXFileReference section */

/* Begin PBXFileSystemSynchronizedRootGroup section */
		B7A6DE5D2D8FEEDD0031F5D5 /* combine+tutorial */ = {
			isa = PBXFileSystemSynchronizedRootGroup;
			path = "combine+tutorial";
			sourceTree = "<group>";
		};
		B7A6DE6E2D8FEEDE0031F5D5 /* combine+tutorialTests */ = {
			isa = PBXFileSystemSynchronizedRootGroup;
			path = "combine+tutorialTests";
			sourceTree = "<group>";
		};
		B7A6DE782D8FEEDE0031F5D5 /* combine+tutorialUITests */ = {
			isa = PBXFileSystemSynchronizedRootGroup;
			path = "combine+tutorialUITests";
			sourceTree = "<group>";
		};
/* End PBXFileSystemSynchronizedRootGroup section */

/* Begin PBXFrameworksBuildPhase section */
		B7A6DE582D8FEEDD0031F5D5 /* Frameworks */ = {
			isa = PBXFrameworksBuildPhase;
			buildActionMask = 2147483647;
			files = (
			);
			runOnlyForDeploymentPostprocessing = 0;
		};
		B7A6DE682D8FEEDE0031F5D5 /* Frameworks */ = {
			isa = PBXFrameworksBuildPhase;
			buildActionMask = 2147483647;
			files = (
			);
			runOnlyForDeploymentPostprocessing = 0;
		};
		B7A6DE722D8FEEDE0031F5D5 /* Frameworks */ = {
			isa = PBXFrameworksBuildPhase;
			buildActionMask = 2147483647;
			files = (
			);
			runOnlyForDeploymentPostprocessing = 0;
		};
/* End PBXFrameworksBuildPhase section */

/* Begin PBXGroup section */
		B7A6DE522D8FEEDD0031F5D5 = {
			isa = PBXGroup;
			children = (
				B7A6DE5D2D8FEEDD0031F5D5 /* combine+tutorial */,
				B7A6DE6E2D8FEEDE0031F5D5 /* combine+tutorialTests */,
				B7A6DE782D8FEEDE0031F5D5 /* combine+tutorialUITests */,
				B7A6DE5C2D8FEEDD0031F5D5 /* Products */,
			);
			sourceTree = "<group>";
		};
		B7A6DE5C2D8FEEDD0031F5D5 /* Products */ = {
			isa = PBXGroup;
			children = (
				B7A6DE5B2D8FEEDD0031F5D5 /* combine+tutorial.app */,
				B7A6DE6B2D8FEEDE0031F5D5 /* combine+tutorialTests.xctest */,
				B7A6DE752D8FEEDE0031F5D5 /* combine+tutorialUITests.xctest */,
			);
			name = Products;
			sourceTree = "<group>";
		};
/* End PBXGroup section */

/* Begin PBXNativeTarget section */
		B7A6DE5A2D8FEEDD0031F5D5 /* combine+tutorial */ = {
			isa = PBXNativeTarget;
			buildConfigurationList = B7A6DE7F2D8FEEDE0031F5D5 /* Build configuration list for PBXNativeTarget "combine+tutorial" */;
			buildPhases = (
				B7A6DE572D8FEEDD0031F5D5 /* Sources */,
				B7A6DE582D8FEEDD0031F5D5 /* Frameworks */,
				B7A6DE592D8FEEDD0031F5D5 /* Resources */,
			);
			buildRules = (
			);
			dependencies = (
			);
			fileSystemSynchronizedGroups = (
				B7A6DE5D2D8FEEDD0031F5D5 /* combine+tutorial */,
			);
			name = "combine+tutorial";
			packageProductDependencies = (
			);
			productName = "combine+tutorial";
			productReference = B7A6DE5B2D8FEEDD0031F5D5 /* combine+tutorial.app */;
			productType = "com.apple.product-type.application";
		};
		B7A6DE6A2D8FEEDE0031F5D5 /* combine+tutorialTests */ = {
			isa = PBXNativeTarget;
			buildConfigurationList = B7A6DE822D8FEEDE0031F5D5 /* Build configuration list for PBXNativeTarget "combine+tutorialTests" */;
			buildPhases = (
				B7A6DE672D8FEEDE0031F5D5 /* Sources */,
				B7A6DE682D8FEEDE0031F5D5 /* Frameworks */,
				B7A6DE692D8FEEDE0031F5D5 /* Resources */,
			);
			buildRules = (
			);
			dependencies = (
				B7A6DE6D2D8FEEDE0031F5D5 /* PBXTargetDependency */,
			);
			fileSystemSynchronizedGroups = (
				B7A6DE6E2D8FEEDE0031F5D5 /* combine+tutorialTests */,
			);
			name = "combine+tutorialTests";
			packageProductDependencies = (
			);
			productName = "combine+tutorialTests";
			productReference = B7A6DE6B2D8FEEDE0031F5D5 /* combine+tutorialTests.xctest */;
			productType = "com.apple.product-type.bundle.unit-test";
		};
		B7A6DE742D8FEEDE0031F5D5 /* combine+tutorialUITests */ = {
			isa = PBXNativeTarget;
			buildConfigurationList = B7A6DE852D8FEEDE0031F5D5 /* Build configuration list for PBXNativeTarget "combine+tutorialUITests" */;
			buildPhases = (
				B7A6DE712D8FEEDE0031F5D5 /* Sources */,
				B7A6DE722D8FEEDE0031F5D5 /* Frameworks */,
				B7A6DE732D8FEEDE0031F5D5 /* Resources */,
			);
			buildRules = (
			);
			dependencies = (
				B7A6DE772D8FEEDE0031F5D5 /* PBXTargetDependency */,
			);
			fileSystemSynchronizedGroups = (
				B7A6DE782D8FEEDE0031F5D5 /* combine+tutorialUITests */,
			);
			name = "combine+tutorialUITests";
			packageProductDependencies = (
			);
			productName = "combine+tutorialUITests";
			productReference = B7A6DE752D8FEEDE0031F5D5 /* combine+tutorialUITests.xctest */;
			productType = "com.apple.product-type.bundle.ui-testing";
		};
/* End PBXNativeTarget section */

/* Begin PBXProject section */
		B7A6DE532D8FEEDD0031F5D5 /* Project object */ = {
			isa = PBXProject;
			attributes = {
				BuildIndependentTargetsInParallel = 1;
				LastSwiftUpdateCheck = 1620;
				LastUpgradeCheck = 1620;
				TargetAttributes = {
					B7A6DE5A2D8FEEDD0031F5D5 = {
						CreatedOnToolsVersion = 16.2;
					};
					B7A6DE6A2D8FEEDE0031F5D5 = {
						CreatedOnToolsVersion = 16.2;
						TestTargetID = B7A6DE5A2D8FEEDD0031F5D5;
					};
					B7A6DE742D8FEEDE0031F5D5 = {
						CreatedOnToolsVersion = 16.2;
						TestTargetID = B7A6DE5A2D8FEEDD0031F5D5;
					};
				};
			};
			buildConfigurationList = B7A6DE562D8FEEDD0031F5D5 /* Build configuration list for PBXProject "combine+tutorial" */;
			developmentRegion = en;
			hasScannedForEncodings = 0;
			knownRegions = (
				en,
				Base,
			);
			mainGroup = B7A6DE522D8FEEDD0031F5D5;
			minimizedProjectReferenceProxies = 1;
			preferredProjectObjectVersion = 77;
			productRefGroup = B7A6DE5C2D8FEEDD0031F5D5 /* Products */;
			projectDirPath = "";
			projectRoot = "";
			targets = (
				B7A6DE5A2D8FEEDD0031F5D5 /* combine+tutorial */,
				B7A6DE6A2D8FEEDE0031F5D5 /* combine+tutorialTests */,
				B7A6DE742D8FEEDE0031F5D5 /* combine+tutorialUITests */,
			);
		};
/* End PBXProject section */

/* Begin PBXResourcesBuildPhase section */
		B7A6DE592D8FEEDD0031F5D5 /* Resources */ = {
			isa = PBXResourcesBuildPhase;
			buildActionMask = 2147483647;
			files = (
			);
			runOnlyForDeploymentPostprocessing = 0;
		};
		B7A6DE692D8FEEDE0031F5D5 /* Resources */ = {
			isa = PBXResourcesBuildPhase;
			buildActionMask = 2147483647;
			files = (
			);
			runOnlyForDeploymentPostprocessing = 0;
		};
		B7A6DE732D8FEEDE0031F5D5 /* Resources */ = {
			isa = PBXResourcesBuildPhase;
			buildActionMask = 2147483647;
			files = (
			);
			runOnlyForDeploymentPostprocessing = 0;
		};
/* End PBXResourcesBuildPhase section */

/* Begin PBXSourcesBuildPhase section */
		B7A6DE572D8FEEDD0031F5D5 /* Sources */ = {
			isa = PBXSourcesBuildPhase;
			buildActionMask = 2147483647;
			files = (
			);
			runOnlyForDeploymentPostprocessing = 0;
		};
		B7A6DE672D8FEEDE0031F5D5 /* Sources */ = {
			isa = PBXSourcesBuildPhase;
			buildActionMask = 2147483647;
			files = (
			);
			runOnlyForDeploymentPostprocessing = 0;
		};
		B7A6DE712D8FEEDE0031F5D5 /* Sources */ = {
			isa = PBXSourcesBuildPhase;
			buildActionMask = 2147483647;
			files = (
			);
			runOnlyForDeploymentPostprocessing = 0;
		};
/* End PBXSourcesBuildPhase section */

/* Begin PBXTargetDependency section */
		B7A6DE6D2D8FEEDE0031F5D5 /* PBXTargetDependency */ = {
			isa = PBXTargetDependency;
			target = B7A6DE5A2D8FEEDD0031F5D5 /* combine+tutorial */;
			targetProxy = B7A6DE6C2D8FEEDE0031F5D5 /* PBXContainerItemProxy */;
		};
		B7A6DE772D8FEEDE0031F5D5 /* PBXTargetDependency */ = {
			isa = PBXTargetDependency;
			target = B7A6DE5A2D8FEEDD0031F5D5 /* combine+tutorial */;
			targetProxy = B7A6DE762D8FEEDE0031F5D5 /* PBXContainerItemProxy */;
		};
/* End PBXTargetDependency section */

/* Begin XCBuildConfiguration section */
		B7A6DE7D2D8FEEDE0031F5D5 /* Debug */ = {
			isa = XCBuildConfiguration;
			buildSettings = {
				ALWAYS_SEARCH_USER_PATHS = NO;
				ASSETCATALOG_COMPILER_GENERATE_SWIFT_ASSET_SYMBOL_EXTENSIONS = YES;
				CLANG_ANALYZER_NONNULL = YES;
				CLANG_ANALYZER_NUMBER_OBJECT_CONVERSION = YES_AGGRESSIVE;
				CLANG_CXX_LANGUAGE_STANDARD = "gnu++20";
				CLANG_ENABLE_MODULES = YES;
				CLANG_ENABLE_OBJC_ARC = YES;
				CLANG_ENABLE_OBJC_WEAK = YES;
				CLANG_WARN_BLOCK_CAPTURE_AUTORELEASING = YES;
				CLANG_WARN_BOOL_CONVERSION = YES;
				CLANG_WARN_COMMA = YES;
				CLANG_WARN_CONSTANT_CONVERSION = YES;
				CLANG_WARN_DEPRECATED_OBJC_IMPLEMENTATIONS = YES;
				CLANG_WARN_DIRECT_OBJC_ISA_USAGE = YES_ERROR;
				CLANG_WARN_DOCUMENTATION_COMMENTS = YES;
				CLANG_WARN_EMPTY_BODY = YES;
				CLANG_WARN_ENUM_CONVERSION = YES;
				CLANG_WARN_INFINITE_RECURSION = YES;
				CLANG_WARN_INT_CONVERSION = YES;
				CLANG_WARN_NON_LITERAL_NULL_CONVERSION = YES;
				CLANG_WARN_OBJC_IMPLICIT_RETAIN_SELF = YES;
				CLANG_WARN_OBJC_LITERAL_CONVERSION = YES;
				CLANG_WARN_OBJC_ROOT_CLASS = YES_ERROR;
				CLANG_WARN_QUOTED_INCLUDE_IN_FRAMEWORK_HEADER = YES;
				CLANG_WARN_RANGE_LOOP_ANALYSIS = YES;
				CLANG_WARN_STRICT_PROTOTYPES = YES;
				CLANG_WARN_SUSPICIOUS_MOVE = YES;
				CLANG_WARN_UNGUARDED_AVAILABILITY = YES_AGGRESSIVE;
				CLANG_WARN_UNREACHABLE_CODE = YES;
				CLANG_WARN__DUPLICATE_METHOD_MATCH = YES;
				COPY_PHASE_STRIP = NO;
				DEBUG_INFORMATION_FORMAT = dwarf;
				ENABLE_STRICT_OBJC_MSGSEND = YES;
				ENABLE_TESTABILITY = YES;
				ENABLE_USER_SCRIPT_SANDBOXING = YES;
				GCC_C_LANGUAGE_STANDARD = gnu17;
				GCC_DYNAMIC_NO_PIC = NO;
				GCC_NO_COMMON_BLOCKS = YES;
				GCC_OPTIMIZATION_LEVEL = 0;
				GCC_PREPROCESSOR_DEFINITIONS = (
					"DEBUG=1",
					"$(inherited)",
				);
				GCC_WARN_64_TO_32_BIT_CONVERSION = YES;
				GCC_WARN_ABOUT_RETURN_TYPE = YES_ERROR;
				GCC_WARN_UNDECLARED_SELECTOR = YES;
				GCC_WARN_UNINITIALIZED_AUTOS = YES_AGGRESSIVE;
				GCC_WARN_UNUSED_FUNCTION = YES;
				GCC_WARN_UNUSED_VARIABLE = YES;
				IPHONEOS_DEPLOYMENT_TARGET = 18.2;
				LOCALIZATION_PREFERS_STRING_CATALOGS = YES;
				MTL_ENABLE_DEBUG_INFO = INCLUDE_SOURCE;
				MTL_FAST_MATH = YES;
				ONLY_ACTIVE_ARCH = YES;
				SDKROOT = iphoneos;
				SWIFT_ACTIVE_COMPILATION_CONDITIONS = "DEBUG $(inherited)";
				SWIFT_OPTIMIZATION_LEVEL = "-Onone";
			};
			name = Debug;
		};
		B7A6DE7E2D8FEEDE0031F5D5 /* Release */ = {
			isa = XCBuildConfiguration;
			buildSettings = {
				ALWAYS_SEARCH_USER_PATHS = NO;
				ASSETCATALOG_COMPILER_GENERATE_SWIFT_ASSET_SYMBOL_EXTENSIONS = YES;
				CLANG_ANALYZER_NONNULL = YES;
				CLANG_ANALYZER_NUMBER_OBJECT_CONVERSION = YES_AGGRESSIVE;
				CLANG_CXX_LANGUAGE_STANDARD = "gnu++20";
				CLANG_ENABLE_MODULES = YES;
				CLANG_ENABLE_OBJC_ARC = YES;
				CLANG_ENABLE_OBJC_WEAK = YES;
				CLANG_WARN_BLOCK_CAPTURE_AUTORELEASING = YES;
				CLANG_WARN_BOOL_CONVERSION = YES;
				CLANG_WARN_COMMA = YES;
				CLANG_WARN_CONSTANT_CONVERSION = YES;
				CLANG_WARN_DEPRECATED_OBJC_IMPLEMENTATIONS = YES;
				CLANG_WARN_DIRECT_OBJC_ISA_USAGE = YES_ERROR;
				CLANG_WARN_DOCUMENTATION_COMMENTS = YES;
				CLANG_WARN_EMPTY_BODY = YES;
				CLANG_WARN_ENUM_CONVERSION = YES;
				CLANG_WARN_INFINITE_RECURSION = YES;
				CLANG_WARN_INT_CONVERSION = YES;
				CLANG_WARN_NON_LITERAL_NULL_CONVERSION = YES;
				CLANG_WARN_OBJC_IMPLICIT_RETAIN_SELF = YES;
				CLANG_WARN_OBJC_LITERAL_CONVERSION = YES;
				CLANG_WARN_OBJC_ROOT_CLASS = YES_ERROR;
				CLANG_WARN_QUOTED_INCLUDE_IN_FRAMEWORK_HEADER = YES;
				CLANG_WARN_RANGE_LOOP_ANALYSIS = YES;
				CLANG_WARN_STRICT_PROTOTYPES = YES;
				CLANG_WARN_SUSPICIOUS_MOVE = YES;
				CLANG_WARN_UNGUARDED_AVAILABILITY = YES_AGGRESSIVE;
				CLANG_WARN_UNREACHABLE_CODE = YES;
				CLANG_WARN__DUPLICATE_METHOD_MATCH = YES;
				COPY_PHASE_STRIP = NO;
				DEBUG_INFORMATION_FORMAT = "dwarf-with-dsym";
				ENABLE_NS_ASSERTIONS = NO;
				ENABLE_STRICT_OBJC_MSGSEND = YES;
				ENABLE_USER_SCRIPT_SANDBOXING = YES;
				GCC_C_LANGUAGE_STANDARD = gnu17;
				GCC_NO_COMMON_BLOCKS = YES;
				GCC_WARN_64_TO_32_BIT_CONVERSION = YES;
				GCC_WARN_ABOUT_RETURN_TYPE = YES_ERROR;
				GCC_WARN_UNDECLARED_SELECTOR = YES;
				GCC_WARN_UNINITIALIZED_AUTOS = YES_AGGRESSIVE;
				GCC_WARN_UNUSED_FUNCTION = YES;
				GCC_WARN_UNUSED_VARIABLE = YES;
				IPHONEOS_DEPLOYMENT_TARGET = 18.2;
				LOCALIZATION_PREFERS_STRING_CATALOGS = YES;
				MTL_ENABLE_DEBUG_INFO = NO;
				MTL_FAST_MATH = YES;
				SDKROOT = iphoneos;
				SWIFT_COMPILATION_MODE = wholemodule;
				VALIDATE_PRODUCT = YES;
			};
			name = Release;
		};
		B7A6DE802D8FEEDE0031F5D5 /* Debug */ = {
			isa = XCBuildConfiguration;
			buildSettings = {
				ASSETCATALOG_COMPILER_APPICON_NAME = AppIcon;
				ASSETCATALOG_COMPILER_GLOBAL_ACCENT_COLOR_NAME = AccentColor;
				CODE_SIGN_STYLE = Automatic;
				CURRENT_PROJECT_VERSION = 1;
				DEVELOPMENT_ASSET_PATHS = "\"combine+tutorial/Preview Content\"";
				DEVELOPMENT_TEAM = WAWF7YRJAR;
				ENABLE_PREVIEWS = YES;
				GENERATE_INFOPLIST_FILE = YES;
				INFOPLIST_KEY_UIApplicationSceneManifest_Generation = YES;
				INFOPLIST_KEY_UIApplicationSupportsIndirectInputEvents = YES;
				INFOPLIST_KEY_UILaunchScreen_Generation = YES;
				INFOPLIST_KEY_UISupportedInterfaceOrientations_iPad = "UIInterfaceOrientationPortrait UIInterfaceOrientationPortraitUpsideDown UIInterfaceOrientationLandscapeLeft UIInterfaceOrientationLandscapeRight";
				INFOPLIST_KEY_UISupportedInterfaceOrientations_iPhone = "UIInterfaceOrientationPortrait UIInterfaceOrientationLandscapeLeft UIInterfaceOrientationLandscapeRight";
				LD_RUNPATH_SEARCH_PATHS = (
					"$(inherited)",
					"@executable_path/Frameworks",
				);
				MARKETING_VERSION = 1.0;
				PRODUCT_BUNDLE_IDENTIFIER = "com.jongchan.combine-tutorial";
				PRODUCT_NAME = "$(TARGET_NAME)";
				SWIFT_EMIT_LOC_STRINGS = YES;
				SWIFT_VERSION = 5.0;
				TARGETED_DEVICE_FAMILY = "1,2";
			};
			name = Debug;
		};
		B7A6DE812D8FEEDE0031F5D5 /* Release */ = {
			isa = XCBuildConfiguration;
			buildSettings = {
				ASSETCATALOG_COMPILER_APPICON_NAME = AppIcon;
				ASSETCATALOG_COMPILER_GLOBAL_ACCENT_COLOR_NAME = AccentColor;
				CODE_SIGN_STYLE = Automatic;
				CURRENT_PROJECT_VERSION = 1;
				DEVELOPMENT_ASSET_PATHS = "\"combine+tutorial/Preview Content\"";
				DEVELOPMENT_TEAM = WAWF7YRJAR;
				ENABLE_PREVIEWS = YES;
				GENERATE_INFOPLIST_FILE = YES;
				INFOPLIST_KEY_UIApplicationSceneManifest_Generation = YES;
				INFOPLIST_KEY_UIApplicationSupportsIndirectInputEvents = YES;
				INFOPLIST_KEY_UILaunchScreen_Generation = YES;
				INFOPLIST_KEY_UISupportedInterfaceOrientations_iPad = "UIInterfaceOrientationPortrait UIInterfaceOrientationPortraitUpsideDown UIInterfaceOrientationLandscapeLeft UIInterfaceOrientationLandscapeRight";
				INFOPLIST_KEY_UISupportedInterfaceOrientations_iPhone = "UIInterfaceOrientationPortrait UIInterfaceOrientationLandscapeLeft UIInterfaceOrientationLandscapeRight";
				LD_RUNPATH_SEARCH_PATHS = (
					"$(inherited)",
					"@executable_path/Frameworks",
				);
				MARKETING_VERSION = 1.0;
				PRODUCT_BUNDLE_IDENTIFIER = "com.jongchan.combine-tutorial";
				PRODUCT_NAME = "$(TARGET_NAME)";
				SWIFT_EMIT_LOC_STRINGS = YES;
				SWIFT_VERSION = 5.0;
				TARGETED_DEVICE_FAMILY = "1,2";
			};
			name = Release;
		};
		B7A6DE832D8FEEDE0031F5D5 /* Debug */ = {
			isa = XCBuildConfiguration;
			buildSettings = {
				BUNDLE_LOADER = "$(TEST_HOST)";
				CODE_SIGN_STYLE = Automatic;
				CURRENT_PROJECT_VERSION = 1;
				DEVELOPMENT_TEAM = WAWF7YRJAR;
				GENERATE_INFOPLIST_FILE = YES;
				IPHONEOS_DEPLOYMENT_TARGET = 18.2;
				MARKETING_VERSION = 1.0;
				PRODUCT_BUNDLE_IDENTIFIER = "com.jongchan.combine-tutorialTests";
				PRODUCT_NAME = "$(TARGET_NAME)";
				SWIFT_EMIT_LOC_STRINGS = NO;
				SWIFT_VERSION = 5.0;
				TARGETED_DEVICE_FAMILY = "1,2";
				TEST_HOST = "$(BUILT_PRODUCTS_DIR)/combine+tutorial.app/$(BUNDLE_EXECUTABLE_FOLDER_PATH)/combine+tutorial";
			};
			name = Debug;
		};
		B7A6DE842D8FEEDE0031F5D5 /* Release */ = {
			isa = XCBuildConfiguration;
			buildSettings = {
				BUNDLE_LOADER = "$(TEST_HOST)";
				CODE_SIGN_STYLE = Automatic;
				CURRENT_PROJECT_VERSION = 1;
				DEVELOPMENT_TEAM = WAWF7YRJAR;
				GENERATE_INFOPLIST_FILE = YES;
				IPHONEOS_DEPLOYMENT_TARGET = 18.2;
				MARKETING_VERSION = 1.0;
				PRODUCT_BUNDLE_IDENTIFIER = "com.jongchan.combine-tutorialTests";
				PRODUCT_NAME = "$(TARGET_NAME)";
				SWIFT_EMIT_LOC_STRINGS = NO;
				SWIFT_VERSION = 5.0;
				TARGETED_DEVICE_FAMILY = "1,2";
				TEST_HOST = "$(BUILT_PRODUCTS_DIR)/combine+tutorial.app/$(BUNDLE_EXECUTABLE_FOLDER_PATH)/combine+tutorial";
			};
			name = Release;
		};
		B7A6DE862D8FEEDE0031F5D5 /* Debug */ = {
			isa = XCBuildConfiguration;
			buildSettings = {
				CODE_SIGN_STYLE = Automatic;
				CURRENT_PROJECT_VERSION = 1;
				DEVELOPMENT_TEAM = WAWF7YRJAR;
				GENERATE_INFOPLIST_FILE = YES;
				MARKETING_VERSION = 1.0;
				PRODUCT_BUNDLE_IDENTIFIER = "com.jongchan.combine-tutorialUITests";
				PRODUCT_NAME = "$(TARGET_NAME)";
				SWIFT_EMIT_LOC_STRINGS = NO;
				SWIFT_VERSION = 5.0;
				TARGETED_DEVICE_FAMILY = "1,2";
				TEST_TARGET_NAME = "combine+tutorial";
			};
			name = Debug;
		};
		B7A6DE872D8FEEDE0031F5D5 /* Release */ = {
			isa = XCBuildConfiguration;
			buildSettings = {
				CODE_SIGN_STYLE = Automatic;
				CURRENT_PROJECT_VERSION = 1;
				DEVELOPMENT_TEAM = WAWF7YRJAR;
				GENERATE_INFOPLIST_FILE = YES;
				MARKETING_VERSION = 1.0;
				PRODUCT_BUNDLE_IDENTIFIER = "com.jongchan.combine-tutorialUITests";
				PRODUCT_NAME = "$(TARGET_NAME)";
				SWIFT_EMIT_LOC_STRINGS = NO;
				SWIFT_VERSION = 5.0;
				TARGETED_DEVICE_FAMILY = "1,2";
				TEST_TARGET_NAME = "combine+tutorial";
			};
			name = Release;
		};
/* End XCBuildConfiguration section */

/* Begin XCConfigurationList section */
		B7A6DE562D8FEEDD0031F5D5 /* Build configuration list for PBXProject "combine+tutorial" */ = {
			isa = XCConfigurationList;
			buildConfigurations = (
				B7A6DE7D2D8FEEDE0031F5D5 /* Debug */,
				B7A6DE7E2D8FEEDE0031F5D5 /* Release */,
			);
			defaultConfigurationIsVisible = 0;
			defaultConfigurationName = Release;
		};
		B7A6DE7F2D8FEEDE0031F5D5 /* Build configuration list for PBXNativeTarget "combine+tutorial" */ = {
			isa = XCConfigurationList;
			buildConfigurations = (
				B7A6DE802D8FEEDE0031F5D5 /* Debug */,
				B7A6DE812D8FEEDE0031F5D5 /* Release */,
			);
			defaultConfigurationIsVisible = 0;
			defaultConfigurationName = Release;
		};
		B7A6DE822D8FEEDE0031F5D5 /* Build configuration list for PBXNativeTarget "combine+tutorialTests" */ = {
			isa = XCConfigurationList;
			buildConfigurations = (
				B7A6DE832D8FEEDE0031F5D5 /* Debug */,
				B7A6DE842D8FEEDE0031F5D5 /* Release */,
			);
			defaultConfigurationIsVisible = 0;
			defaultConfigurationName = Release;
		};
		B7A6DE852D8FEEDE0031F5D5 /* Build configuration list for PBXNativeTarget "combine+tutorialUITests" */ = {
			isa = XCConfigurationList;
			buildConfigurations = (
				B7A6DE862D8FEEDE0031F5D5 /* Debug */,
				B7A6DE872D8FEEDE0031F5D5 /* Release */,
			);
			defaultConfigurationIsVisible = 0;
			defaultConfigurationName = Release;
		};
/* End XCConfigurationList section */
	};
	rootObject = B7A6DE532D8FEEDD0031F5D5 /* Project object */;
}
